<?xml version="1.0" encoding="utf-8"?>
<Project ToolsVersion="4.0" xmlns="http://schemas.microsoft.com/developer/msbuild/2003">
  <ItemGroup>
    <Filter Include="Source Files">
      <UniqueIdentifier>{4FC737F1-C7A5-4376-A066-2A32D752A2FF}</UniqueIdentifier>
      <Extensions>cpp;c;cc;cxx;c++;cppm;ixx;def;odl;idl;hpj;bat;asm;asmx</Extensions>
    </Filter>
    <Filter Include="Header Files">
      <UniqueIdentifier>{93995380-89BD-4b04-88EB-625FBE52EBFB}</UniqueIdentifier>
      <Extensions>h;hh;hpp;hxx;h++;hm;inl;inc;ipp;xsd</Extensions>
    </Filter>
    <Filter Include="Resource Files">
      <UniqueIdentifier>{67DA6AB6-F800-4c08-8B7A-83BB121AAD01}</UniqueIdentifier>
      <Extensions>rc;ico;cur;bmp;dlg;rc2;rct;bin;rgs;gif;jpg;jpeg;jpe;resx;tiff;tif;png;wav;mfcribbon-ms</Extensions>
    </Filter>
  </ItemGroup>
  <ItemGroup>
    <ClInclude Include="..\networking\docker_manager.h">
      <Filter>Header Files</Filter>
    </ClInclude>
    <ClInclude Include="..\networking\server.h">
      <Filter>Header Files</Filter>
    </ClInclude>
    <ClInclude Include="..\networking\WSAInitializer.h">
      <Filter>Header Files</Filter>
    </ClInclude>
    <ClInclude Include="..\utils\DeserializerRequests.h">
      <Filter>Header Files</Filter>
    </ClInclude>
    <ClInclude Include="..\utils\Helper.h">
      <Filter>Header Files</Filter>
    </ClInclude>
    <ClInclude Include="..\utils\json.hpp">
      <Filter>Header Files</Filter>
    </ClInclude>
    <ClInclude Include="..\utils\Requestes.hpp">
      <Filter>Header Files</Filter>
    </ClInclude>
    <ClInclude Include="..\utils\Responses.hpp">
      <Filter>Header Files</Filter>
    </ClInclude>
    <ClInclude Include="..\utils\utils.hpp">
      <Filter>Header Files</Filter>
    </ClInclude>
    <ClInclude Include="..\utils\SerializerResponses.h">
      <Filter>Header Files</Filter>
    </ClInclude>
    <ClInclude Include="..\networking\handlers\IRequestHandler.h">
      <Filter>Header Files</Filter>
    </ClInclude>
    <ClInclude Include="..\networking\handlers\NodeOpeningHandler.h">
      <Filter>Header Files</Filter>
    </ClInclude>
    <ClInclude Include="..\networking\handlers\TorRequestHandler.h">
      <Filter>Header Files</Filter>
    </ClInclude>
    <ClInclude Include="..\utils\RequestInfo.hpp">
      <Filter>Header Files</Filter>
    </ClInclude>
    <ClInclude Include="..\networking\handlers\DeleteCircuitRequestHandler.h">
      <Filter>Header Files</Filter>
    </ClInclude>
  </ItemGroup>
  <ItemGroup>
    <ClCompile Include="..\utils\DeserializerRequests.cpp">
      <Filter>Source Files</Filter>
    </ClCompile>
    <ClCompile Include="..\utils\Helper.cpp">
      <Filter>Source Files</Filter>
    </ClCompile>
    <ClCompile Include="..\utils\SerializerResponses.cpp">
      <Filter>Source Files</Filter>
    </ClCompile>
    <ClCompile Include="..\utils\utils.cpp">
      <Filter>Source Files</Filter>
    </ClCompile>
    <ClCompile Include="..\networking\docker_manager.cpp">
      <Filter>Source Files</Filter>
    </ClCompile>
    <ClCompile Include="..\networking\server.cpp">
      <Filter>Source Files</Filter>
    </ClCompile>
    <ClCompile Include="..\networking\WSAInitializer.cpp">
      <Filter>Source Files</Filter>
    </ClCompile>
    <ClCompile Include="..\networking\handlers\NodeOpeningHandler.cpp">
      <Filter>Source Files</Filter>
    </ClCompile>
    <ClCompile Include="..\networking\handlers\TorRequestHandler.cpp">
      <Filter>Source Files</Filter>
    </ClCompile>
    <ClCompile Include="..\networking\handlers\DeleteCircuitRequestHandler.cpp">
      <Filter>Source Files</Filter>
    </ClCompile>
  </ItemGroup>
  <ItemGroup>
    <None Include="..\dockerFiles\docker_build_node.bat">
      <Filter>Resource Files</Filter>
    </None>
    <None Include="..\dockerFiles\docker_ip_inishializer.py">
      <Filter>Resource Files</Filter>
    </None>
    <None Include="..\dockerFiles\Docker-compose.yaml">
      <Filter>Resource Files</Filter>
    </None>
    <None Include="..\dockerFiles\Dockerfile">
      <Filter>Resource Files</Filter>
    </None>
  </ItemGroup>
</Project>